
Microsoft Visual Studio Solution File, Format Version 12.00
# Visual Studio Version 17
VisualStudioVersion = 17.12.35527.113
MinimumVisualStudioVersion = 10.0.40219.1
Project("{FAE04EC0-301F-11D3-BF4B-00C04F79EFBC}") = "NoteKeeperPro.Web", "NoteKeeperPro.Web\NoteKeeperPro.Web.csproj", "{CC3A16F3-1AF9-4AA6-B3F4-5605A4AEE05F}"
EndProject
Project("{FAE04EC0-301F-11D3-BF4B-00C04F79EFBC}") = "NoteKeeperPro.Application", "NoteKeeperPro.Application\NoteKeeperPro.Application.csproj", "{8588F2EF-254F-4874-9B85-F7D6845422EF}"
EndProject
Project("{FAE04EC0-301F-11D3-BF4B-00C04F79EFBC}") = "NoteKeeperPro.Domain", "NoteKeeperPro.Domain\NoteKeeperPro.Domain.csproj", "{C7A0FC30-205B-4490-9C45-157784A29BED}"
EndProject
Project("{FAE04EC0-301F-11D3-BF4B-00C04F79EFBC}") = "NoteKeeperPro.Infrastructure", "NoteKeeperPro.Infrastructure\NoteKeeperPro.Infrastructure.csproj", "{50467763-DD35-429E-AC93-1DA45FD4F465}"
EndProject
Global
	GlobalSection(SolutionConfigurationPlatforms) = preSolution
		Debug|Any CPU = Debug|Any CPU
		Release|Any CPU = Release|Any CPU
	EndGlobalSection
	GlobalSection(ProjectConfigurationPlatforms) = postSolution
		{CC3A16F3-1AF9-4AA6-B3F4-5605A4AEE05F}.Debug|Any CPU.ActiveCfg = Debug|Any CPU
		{CC3A16F3-1AF9-4AA6-B3F4-5605A4AEE05F}.Debug|Any CPU.Build.0 = Debug|Any CPU
		{CC3A16F3-1AF9-4AA6-B3F4-5605A4AEE05F}.Release|Any CPU.ActiveCfg = Release|Any CPU
		{CC3A16F3-1AF9-4AA6-B3F4-5605A4AEE05F}.Release|Any CPU.Build.0 = Release|Any CPU
		{8588F2EF-254F-4874-9B85-F7D6845422EF}.Debug|Any CPU.ActiveCfg = Debug|Any CPU
		{8588F2EF-254F-4874-9B85-F7D6845422EF}.Debug|Any CPU.Build.0 = Debug|Any CPU
		{8588F2EF-254F-4874-9B85-F7D6845422EF}.Release|Any CPU.ActiveCfg = Release|Any CPU
		{8588F2EF-254F-4874-9B85-F7D6845422EF}.Release|Any CPU.Build.0 = Release|Any CPU
		{C7A0FC30-205B-4490-9C45-157784A29BED}.Debug|Any CPU.ActiveCfg = Debug|Any CPU
		{C7A0FC30-205B-4490-9C45-157784A29BED}.Debug|Any CPU.Build.0 = Debug|Any CPU
		{C7A0FC30-205B-4490-9C45-157784A29BED}.Release|Any CPU.ActiveCfg = Release|Any CPU
		{C7A0FC30-205B-4490-9C45-157784A29BED}.Release|Any CPU.Build.0 = Release|Any CPU
		{50467763-DD35-429E-AC93-1DA45FD4F465}.Debug|Any CPU.ActiveCfg = Debug|Any CPU
		{50467763-DD35-429E-AC93-1DA45FD4F465}.Debug|Any CPU.Build.0 = Debug|Any CPU
		{50467763-DD35-429E-AC93-1DA45FD4F465}.Release|Any CPU.ActiveCfg = Release|Any CPU
		{50467763-DD35-429E-AC93-1DA45FD4F465}.Release|Any CPU.Build.0 = Release|Any CPU
	EndGlobalSection
	GlobalSection(SolutionProperties) = preSolution
		HideSolutionNode = FALSE
	EndGlobalSection
EndGlobal
